
Microsoft Visual Studio Solution File, Format Version 12.00
# Visual Studio Version 17
VisualStudioVersion = 17.5.33530.505
MinimumVisualStudioVersion = 10.0.40219.1
Project("{2150E333-8FDC-42A3-9474-1A3956D46DE8}") = "Presentacion", "Presentacion", "{4435396D-43A5-472E-83A1-D1F1E3352FE2}"
EndProject
Project("{2150E333-8FDC-42A3-9474-1A3956D46DE8}") = "Datos", "Datos", "{C6906D3C-758F-4E43-8305-A0A6D327EB68}"
EndProject
Project("{2150E333-8FDC-42A3-9474-1A3956D46DE8}") = "Entidad", "Entidad", "{123155C7-D511-45B6-AE83-3C9862397743}"
EndProject
Project("{2150E333-8FDC-42A3-9474-1A3956D46DE8}") = "Negocio", "Negocio", "{93DDE294-C282-40EA-A575-3E78A6EE6CAF}"
EndProject
Project("{FAE04EC0-301F-11D3-BF4B-00C04F79EFBC}") = "HardwareNet.Entidad", "HardwareNet.Entidad\HardwareNet.Entidad.csproj", "{D059E8FE-BD0B-4B2D-B690-333C1428C925}"
EndProject
Project("{FAE04EC0-301F-11D3-BF4B-00C04F79EFBC}") = "HardwareNet.Datos.Connexion", "HardwareNet.Datos.Connexion\HardwareNet.Datos.Connexion.csproj", "{414ECB36-DA56-432C-A136-EF8C28CFF98F}"
EndProject
Project("{2150E333-8FDC-42A3-9474-1A3956D46DE8}") = "Seguridad", "Seguridad", "{385FCDD8-8B67-4630-BF2B-97CEDCD9B445}"
EndProject
Project("{FAE04EC0-301F-11D3-BF4B-00C04F79EFBC}") = "HardwareNet.Seguridad.Encryptacion", "HardwareNet.Seguridad.Encryptacion\HardwareNet.Seguridad.Encryptacion.csproj", "{0632841E-A71D-474B-A95A-2B8AB8E0ABA5}"
EndProject
Project("{FAE04EC0-301F-11D3-BF4B-00C04F79EFBC}") = "HardwareNet.Datos.Repositorio", "HardwareNet.Datos.Repositorio\HardwareNet.Datos.Repositorio.csproj", "{3C18CEFE-9D21-4ECF-B78E-3396CD3E3869}"
EndProject
Project("{FAE04EC0-301F-11D3-BF4B-00C04F79EFBC}") = "HardwareNet.Datos.Interface", "HardwareNet.Datos.Interface\HardwareNet.Datos.Interface.csproj", "{33570EF7-B1B6-4BBE-9F33-9C8EE824DA0A}"
EndProject
Project("{FAE04EC0-301F-11D3-BF4B-00C04F79EFBC}") = "HardwareNet.Negocio.Servicio", "HardwareNet.Negocio.Servicio\HardwareNet.Negocio.Servicio.csproj", "{84699EDA-43BE-4B9A-8ED2-33A627E31168}"
EndProject
Project("{FAE04EC0-301F-11D3-BF4B-00C04F79EFBC}") = "HardwareNet.Presentacion.WindowsForms", "HardwareNet.Presentacion.WindowsForms\HardwareNet.Presentacion.WindowsForms.csproj", "{578D3500-7778-486D-8FB1-9D89118436E4}"
EndProject
Project("{2150E333-8FDC-42A3-9474-1A3956D46DE8}") = "Test", "Test", "{0681AFFA-009F-4229-8D96-5898E492B2DA}"
EndProject
Project("{FAE04EC0-301F-11D3-BF4B-00C04F79EFBC}") = "HardwareNET.Test.Consola", "HardwareNET.Test.Consola\HardwareNET.Test.Consola.csproj", "{E2708727-77EF-4370-AAF1-D2A528057DDA}"
EndProject
Project("{2150E333-8FDC-42A3-9474-1A3956D46DE8}") = "Database", "Database", "{495A9EBC-3FC0-4F2A-BD68-557E9377EA1F}"
	ProjectSection(SolutionItems) = preProject
		HardwareNet.OracleQuery.sql = HardwareNet.OracleQuery.sql
	EndProjectSection
EndProject
Global
	GlobalSection(SolutionConfigurationPlatforms) = preSolution
		Debug|Any CPU = Debug|Any CPU
		Release|Any CPU = Release|Any CPU
	EndGlobalSection
	GlobalSection(ProjectConfigurationPlatforms) = postSolution
		{D059E8FE-BD0B-4B2D-B690-333C1428C925}.Debug|Any CPU.ActiveCfg = Debug|Any CPU
		{D059E8FE-BD0B-4B2D-B690-333C1428C925}.Debug|Any CPU.Build.0 = Debug|Any CPU
		{D059E8FE-BD0B-4B2D-B690-333C1428C925}.Release|Any CPU.ActiveCfg = Release|Any CPU
		{D059E8FE-BD0B-4B2D-B690-333C1428C925}.Release|Any CPU.Build.0 = Release|Any CPU
		{414ECB36-DA56-432C-A136-EF8C28CFF98F}.Debug|Any CPU.ActiveCfg = Debug|Any CPU
		{414ECB36-DA56-432C-A136-EF8C28CFF98F}.Debug|Any CPU.Build.0 = Debug|Any CPU
		{414ECB36-DA56-432C-A136-EF8C28CFF98F}.Release|Any CPU.ActiveCfg = Release|Any CPU
		{414ECB36-DA56-432C-A136-EF8C28CFF98F}.Release|Any CPU.Build.0 = Release|Any CPU
		{0632841E-A71D-474B-A95A-2B8AB8E0ABA5}.Debug|Any CPU.ActiveCfg = Debug|Any CPU
		{0632841E-A71D-474B-A95A-2B8AB8E0ABA5}.Debug|Any CPU.Build.0 = Debug|Any CPU
		{0632841E-A71D-474B-A95A-2B8AB8E0ABA5}.Release|Any CPU.ActiveCfg = Release|Any CPU
		{0632841E-A71D-474B-A95A-2B8AB8E0ABA5}.Release|Any CPU.Build.0 = Release|Any CPU
		{3C18CEFE-9D21-4ECF-B78E-3396CD3E3869}.Debug|Any CPU.ActiveCfg = Debug|Any CPU
		{3C18CEFE-9D21-4ECF-B78E-3396CD3E3869}.Debug|Any CPU.Build.0 = Debug|Any CPU
		{3C18CEFE-9D21-4ECF-B78E-3396CD3E3869}.Release|Any CPU.ActiveCfg = Release|Any CPU
		{3C18CEFE-9D21-4ECF-B78E-3396CD3E3869}.Release|Any CPU.Build.0 = Release|Any CPU
		{33570EF7-B1B6-4BBE-9F33-9C8EE824DA0A}.Debug|Any CPU.ActiveCfg = Debug|Any CPU
		{33570EF7-B1B6-4BBE-9F33-9C8EE824DA0A}.Debug|Any CPU.Build.0 = Debug|Any CPU
		{33570EF7-B1B6-4BBE-9F33-9C8EE824DA0A}.Release|Any CPU.ActiveCfg = Release|Any CPU
		{33570EF7-B1B6-4BBE-9F33-9C8EE824DA0A}.Release|Any CPU.Build.0 = Release|Any CPU
		{84699EDA-43BE-4B9A-8ED2-33A627E31168}.Debug|Any CPU.ActiveCfg = Debug|Any CPU
		{84699EDA-43BE-4B9A-8ED2-33A627E31168}.Debug|Any CPU.Build.0 = Debug|Any CPU
		{84699EDA-43BE-4B9A-8ED2-33A627E31168}.Release|Any CPU.ActiveCfg = Release|Any CPU
		{84699EDA-43BE-4B9A-8ED2-33A627E31168}.Release|Any CPU.Build.0 = Release|Any CPU
		{578D3500-7778-486D-8FB1-9D89118436E4}.Debug|Any CPU.ActiveCfg = Debug|Any CPU
		{578D3500-7778-486D-8FB1-9D89118436E4}.Debug|Any CPU.Build.0 = Debug|Any CPU
		{578D3500-7778-486D-8FB1-9D89118436E4}.Release|Any CPU.ActiveCfg = Release|Any CPU
		{578D3500-7778-486D-8FB1-9D89118436E4}.Release|Any CPU.Build.0 = Release|Any CPU
		{E2708727-77EF-4370-AAF1-D2A528057DDA}.Debug|Any CPU.ActiveCfg = Debug|Any CPU
		{E2708727-77EF-4370-AAF1-D2A528057DDA}.Debug|Any CPU.Build.0 = Debug|Any CPU
		{E2708727-77EF-4370-AAF1-D2A528057DDA}.Release|Any CPU.ActiveCfg = Release|Any CPU
		{E2708727-77EF-4370-AAF1-D2A528057DDA}.Release|Any CPU.Build.0 = Release|Any CPU
	EndGlobalSection
	GlobalSection(SolutionProperties) = preSolution
		HideSolutionNode = FALSE
	EndGlobalSection
	GlobalSection(NestedProjects) = preSolution
		{D059E8FE-BD0B-4B2D-B690-333C1428C925} = {123155C7-D511-45B6-AE83-3C9862397743}
		{414ECB36-DA56-432C-A136-EF8C28CFF98F} = {C6906D3C-758F-4E43-8305-A0A6D327EB68}
		{0632841E-A71D-474B-A95A-2B8AB8E0ABA5} = {385FCDD8-8B67-4630-BF2B-97CEDCD9B445}
		{3C18CEFE-9D21-4ECF-B78E-3396CD3E3869} = {C6906D3C-758F-4E43-8305-A0A6D327EB68}
		{33570EF7-B1B6-4BBE-9F33-9C8EE824DA0A} = {C6906D3C-758F-4E43-8305-A0A6D327EB68}
		{84699EDA-43BE-4B9A-8ED2-33A627E31168} = {93DDE294-C282-40EA-A575-3E78A6EE6CAF}
		{578D3500-7778-486D-8FB1-9D89118436E4} = {4435396D-43A5-472E-83A1-D1F1E3352FE2}
		{E2708727-77EF-4370-AAF1-D2A528057DDA} = {0681AFFA-009F-4229-8D96-5898E492B2DA}
		{495A9EBC-3FC0-4F2A-BD68-557E9377EA1F} = {C6906D3C-758F-4E43-8305-A0A6D327EB68}
	EndGlobalSection
	GlobalSection(ExtensibilityGlobals) = postSolution
		SolutionGuid = {AFDA6195-D185-42E6-8BF8-F45EB2C32267}
	EndGlobalSection
EndGlobal
